
Microsoft Visual Studio Solution File, Format Version 12.00
# Visual Studio 15
VisualStudioVersion = 15.0.26430.6
MinimumVisualStudioVersion = 10.0.40219.1
Project("{FAE04EC0-301F-11D3-BF4B-00C04F79EFBC}") = "WebPruebas1", "WebPruebas1\WebPruebas1.csproj", "{A5A14F56-25CE-42EC-8C1A-CA6EC845962E}"
EndProject
Project("{FAE04EC0-301F-11D3-BF4B-00C04F79EFBC}") = "hangfire", "hangfire\hangfire.csproj", "{020A16E8-663A-471C-8FA2-50D8402651B5}"
EndProject
Project("{FAE04EC0-301F-11D3-BF4B-00C04F79EFBC}") = "UserProfile", "UserProfile\UserProfile.csproj", "{F47D24A5-A208-485F-9242-5BE771205688}"
EndProject
Project("{FAE04EC0-301F-11D3-BF4B-00C04F79EFBC}") = "SweetAlertWeb", "SweetAlertWeb\SweetAlertWeb.csproj", "{AAD3ECDA-2FD3-408D-838B-8B81A97FCCE2}"
EndProject
Global
	GlobalSection(SolutionConfigurationPlatforms) = preSolution
		Debug|Any CPU = Debug|Any CPU
		Release|Any CPU = Release|Any CPU
	EndGlobalSection
	GlobalSection(ProjectConfigurationPlatforms) = postSolution
		{A5A14F56-25CE-42EC-8C1A-CA6EC845962E}.Debug|Any CPU.ActiveCfg = Debug|Any CPU
		{A5A14F56-25CE-42EC-8C1A-CA6EC845962E}.Debug|Any CPU.Build.0 = Debug|Any CPU
		{A5A14F56-25CE-42EC-8C1A-CA6EC845962E}.Release|Any CPU.ActiveCfg = Release|Any CPU
		{A5A14F56-25CE-42EC-8C1A-CA6EC845962E}.Release|Any CPU.Build.0 = Release|Any CPU
		{020A16E8-663A-471C-8FA2-50D8402651B5}.Debug|Any CPU.ActiveCfg = Debug|Any CPU
		{020A16E8-663A-471C-8FA2-50D8402651B5}.Debug|Any CPU.Build.0 = Debug|Any CPU
		{020A16E8-663A-471C-8FA2-50D8402651B5}.Release|Any CPU.ActiveCfg = Release|Any CPU
		{020A16E8-663A-471C-8FA2-50D8402651B5}.Release|Any CPU.Build.0 = Release|Any CPU
		{F47D24A5-A208-485F-9242-5BE771205688}.Debug|Any CPU.ActiveCfg = Debug|Any CPU
		{F47D24A5-A208-485F-9242-5BE771205688}.Debug|Any CPU.Build.0 = Debug|Any CPU
		{F47D24A5-A208-485F-9242-5BE771205688}.Release|Any CPU.ActiveCfg = Release|Any CPU
		{F47D24A5-A208-485F-9242-5BE771205688}.Release|Any CPU.Build.0 = Release|Any CPU
		{AAD3ECDA-2FD3-408D-838B-8B81A97FCCE2}.Debug|Any CPU.ActiveCfg = Debug|Any CPU
		{AAD3ECDA-2FD3-408D-838B-8B81A97FCCE2}.Debug|Any CPU.Build.0 = Debug|Any CPU
		{AAD3ECDA-2FD3-408D-838B-8B81A97FCCE2}.Release|Any CPU.ActiveCfg = Release|Any CPU
		{AAD3ECDA-2FD3-408D-838B-8B81A97FCCE2}.Release|Any CPU.Build.0 = Release|Any CPU
	EndGlobalSection
	GlobalSection(SolutionProperties) = preSolution
		HideSolutionNode = FALSE
	EndGlobalSection
EndGlobal
